
Microsoft Visual Studio Solution File, Format Version 12.00
# Visual Studio Version 16
VisualStudioVersion = 16.0.30804.86
MinimumVisualStudioVersion = 10.0.40219.1
Project("{FAE04EC0-301F-11D3-BF4B-00C04F79EFBC}") = "XamNavLeak.Android", "XamNavLeak\XamNavLeak.Android\XamNavLeak.Android.csproj", "{4C561F9E-8407-4EC1-922D-EAE9AEE88F53}"
EndProject
Project("{FAE04EC0-301F-11D3-BF4B-00C04F79EFBC}") = "XamNavLeak.iOS", "XamNavLeak\XamNavLeak.iOS\XamNavLeak.iOS.csproj", "{7F495D82-C0CB-4EF0-9A73-79ABF116C706}"
EndProject
Project("{FAE04EC0-301F-11D3-BF4B-00C04F79EFBC}") = "XamNavLeak", "XamNavLeak\XamNavLeak\XamNavLeak.csproj", "{531CD4EE-0BBE-4ADE-99F7-F72FDC403F07}"
EndProject
Global
	GlobalSection(SolutionConfigurationPlatforms) = preSolution
		Debug|Any CPU = Debug|Any CPU
		Debug|iPhone = Debug|iPhone
		Debug|iPhoneSimulator = Debug|iPhoneSimulator
		Release|Any CPU = Release|Any CPU
		Release|iPhone = Release|iPhone
		Release|iPhoneSimulator = Release|iPhoneSimulator
	EndGlobalSection
	GlobalSection(ProjectConfigurationPlatforms) = postSolution
		{4C561F9E-8407-4EC1-922D-EAE9AEE88F53}.Debug|Any CPU.ActiveCfg = Debug|Any CPU
		{4C561F9E-8407-4EC1-922D-EAE9AEE88F53}.Debug|Any CPU.Build.0 = Debug|Any CPU
		{4C561F9E-8407-4EC1-922D-EAE9AEE88F53}.Debug|Any CPU.Deploy.0 = Debug|Any CPU
		{4C561F9E-8407-4EC1-922D-EAE9AEE88F53}.Debug|iPhone.ActiveCfg = Debug|Any CPU
		{4C561F9E-8407-4EC1-922D-EAE9AEE88F53}.Debug|iPhone.Build.0 = Debug|Any CPU
		{4C561F9E-8407-4EC1-922D-EAE9AEE88F53}.Debug|iPhone.Deploy.0 = Debug|Any CPU
		{4C561F9E-8407-4EC1-922D-EAE9AEE88F53}.Debug|iPhoneSimulator.ActiveCfg = Debug|Any CPU
		{4C561F9E-8407-4EC1-922D-EAE9AEE88F53}.Debug|iPhoneSimulator.Build.0 = Debug|Any CPU
		{4C561F9E-8407-4EC1-922D-EAE9AEE88F53}.Debug|iPhoneSimulator.Deploy.0 = Debug|Any CPU
		{4C561F9E-8407-4EC1-922D-EAE9AEE88F53}.Release|Any CPU.ActiveCfg = Release|Any CPU
		{4C561F9E-8407-4EC1-922D-EAE9AEE88F53}.Release|Any CPU.Build.0 = Release|Any CPU
		{4C561F9E-8407-4EC1-922D-EAE9AEE88F53}.Release|Any CPU.Deploy.0 = Release|Any CPU
		{4C561F9E-8407-4EC1-922D-EAE9AEE88F53}.Release|iPhone.ActiveCfg = Release|Any CPU
		{4C561F9E-8407-4EC1-922D-EAE9AEE88F53}.Release|iPhone.Build.0 = Release|Any CPU
		{4C561F9E-8407-4EC1-922D-EAE9AEE88F53}.Release|iPhone.Deploy.0 = Release|Any CPU
		{4C561F9E-8407-4EC1-922D-EAE9AEE88F53}.Release|iPhoneSimulator.ActiveCfg = Release|Any CPU
		{4C561F9E-8407-4EC1-922D-EAE9AEE88F53}.Release|iPhoneSimulator.Build.0 = Release|Any CPU
		{4C561F9E-8407-4EC1-922D-EAE9AEE88F53}.Release|iPhoneSimulator.Deploy.0 = Release|Any CPU
		{7F495D82-C0CB-4EF0-9A73-79ABF116C706}.Debug|Any CPU.ActiveCfg = Debug|iPhone
		{7F495D82-C0CB-4EF0-9A73-79ABF116C706}.Debug|Any CPU.Build.0 = Debug|iPhone
		{7F495D82-C0CB-4EF0-9A73-79ABF116C706}.Debug|Any CPU.Deploy.0 = Debug|iPhone
		{7F495D82-C0CB-4EF0-9A73-79ABF116C706}.Debug|iPhone.ActiveCfg = Debug|iPhone
		{7F495D82-C0CB-4EF0-9A73-79ABF116C706}.Debug|iPhone.Build.0 = Debug|iPhone
		{7F495D82-C0CB-4EF0-9A73-79ABF116C706}.Debug|iPhone.Deploy.0 = Debug|iPhone
		{7F495D82-C0CB-4EF0-9A73-79ABF116C706}.Debug|iPhoneSimulator.ActiveCfg = Debug|iPhoneSimulator
		{7F495D82-C0CB-4EF0-9A73-79ABF116C706}.Debug|iPhoneSimulator.Build.0 = Debug|iPhoneSimulator
		{7F495D82-C0CB-4EF0-9A73-79ABF116C706}.Debug|iPhoneSimulator.Deploy.0 = Debug|iPhoneSimulator
		{7F495D82-C0CB-4EF0-9A73-79ABF116C706}.Release|Any CPU.ActiveCfg = Release|iPhoneSimulator
		{7F495D82-C0CB-4EF0-9A73-79ABF116C706}.Release|Any CPU.Build.0 = Release|iPhoneSimulator
		{7F495D82-C0CB-4EF0-9A73-79ABF116C706}.Release|Any CPU.Deploy.0 = Release|iPhoneSimulator
		{7F495D82-C0CB-4EF0-9A73-79ABF116C706}.Release|iPhone.ActiveCfg = Release|iPhone
		{7F495D82-C0CB-4EF0-9A73-79ABF116C706}.Release|iPhone.Build.0 = Release|iPhone
		{7F495D82-C0CB-4EF0-9A73-79ABF116C706}.Release|iPhone.Deploy.0 = Release|iPhone
		{7F495D82-C0CB-4EF0-9A73-79ABF116C706}.Release|iPhoneSimulator.ActiveCfg = Release|iPhoneSimulator
		{7F495D82-C0CB-4EF0-9A73-79ABF116C706}.Release|iPhoneSimulator.Build.0 = Release|iPhoneSimulator
		{7F495D82-C0CB-4EF0-9A73-79ABF116C706}.Release|iPhoneSimulator.Deploy.0 = Release|iPhoneSimulator
		{531CD4EE-0BBE-4ADE-99F7-F72FDC403F07}.Debug|Any CPU.ActiveCfg = Debug|Any CPU
		{531CD4EE-0BBE-4ADE-99F7-F72FDC403F07}.Debug|Any CPU.Build.0 = Debug|Any CPU
		{531CD4EE-0BBE-4ADE-99F7-F72FDC403F07}.Debug|Any CPU.Deploy.0 = Debug|Any CPU
		{531CD4EE-0BBE-4ADE-99F7-F72FDC403F07}.Debug|iPhone.ActiveCfg = Debug|Any CPU
		{531CD4EE-0BBE-4ADE-99F7-F72FDC403F07}.Debug|iPhone.Build.0 = Debug|Any CPU
		{531CD4EE-0BBE-4ADE-99F7-F72FDC403F07}.Debug|iPhone.Deploy.0 = Debug|Any CPU
		{531CD4EE-0BBE-4ADE-99F7-F72FDC403F07}.Debug|iPhoneSimulator.ActiveCfg = Debug|Any CPU
		{531CD4EE-0BBE-4ADE-99F7-F72FDC403F07}.Debug|iPhoneSimulator.Build.0 = Debug|Any CPU
		{531CD4EE-0BBE-4ADE-99F7-F72FDC403F07}.Debug|iPhoneSimulator.Deploy.0 = Debug|Any CPU
		{531CD4EE-0BBE-4ADE-99F7-F72FDC403F07}.Release|Any CPU.ActiveCfg = Release|Any CPU
		{531CD4EE-0BBE-4ADE-99F7-F72FDC403F07}.Release|Any CPU.Build.0 = Release|Any CPU
		{531CD4EE-0BBE-4ADE-99F7-F72FDC403F07}.Release|Any CPU.Deploy.0 = Release|Any CPU
		{531CD4EE-0BBE-4ADE-99F7-F72FDC403F07}.Release|iPhone.ActiveCfg = Release|Any CPU
		{531CD4EE-0BBE-4ADE-99F7-F72FDC403F07}.Release|iPhone.Build.0 = Release|Any CPU
		{531CD4EE-0BBE-4ADE-99F7-F72FDC403F07}.Release|iPhone.Deploy.0 = Release|Any CPU
		{531CD4EE-0BBE-4ADE-99F7-F72FDC403F07}.Release|iPhoneSimulator.ActiveCfg = Release|Any CPU
		{531CD4EE-0BBE-4ADE-99F7-F72FDC403F07}.Release|iPhoneSimulator.Build.0 = Release|Any CPU
		{531CD4EE-0BBE-4ADE-99F7-F72FDC403F07}.Release|iPhoneSimulator.Deploy.0 = Release|Any CPU
	EndGlobalSection
	GlobalSection(SolutionProperties) = preSolution
		HideSolutionNode = FALSE
	EndGlobalSection
	GlobalSection(ExtensibilityGlobals) = postSolution
		SolutionGuid = {0D6EA9BD-B2E6-4224-AD77-F5052F82173F}
	EndGlobalSection
EndGlobal
